
Microsoft Visual Studio Solution File, Format Version 12.00
Project("{FAE04EC0-301F-11D3-BF4B-00C04F79EFBC}") = "APBD-kol2", "APBD-kol2\APBD-kol2.csproj", "{7A13E8F9-8FF0-402A-A28A-E65C841884D9}"
EndProject
Global
	GlobalSection(SolutionConfigurationPlatforms) = preSolution
		Debug|Any CPU = Debug|Any CPU
		Release|Any CPU = Release|Any CPU
	EndGlobalSection
	GlobalSection(ProjectConfigurationPlatforms) = postSolution
		{7A13E8F9-8FF0-402A-A28A-E65C841884D9}.Debug|Any CPU.ActiveCfg = Debug|Any CPU
		{7A13E8F9-8FF0-402A-A28A-E65C841884D9}.Debug|Any CPU.Build.0 = Debug|Any CPU
		{7A13E8F9-8FF0-402A-A28A-E65C841884D9}.Release|Any CPU.ActiveCfg = Release|Any CPU
		{7A13E8F9-8FF0-402A-A28A-E65C841884D9}.Release|Any CPU.Build.0 = Release|Any CPU
	EndGlobalSection
EndGlobal
